// !$*UTF8*$!
{
	archiveVersion = 1;
	classes = {
	};
	objectVersion = 77;
	objects = {

/* Begin PBXBuildFile section */
		EF290FD42CDD19D3008001C5 /* GoogleSignIn in Frameworks */ = {isa = PBXBuildFile; productRef = EF290FD32CDD19D3008001C5 /* GoogleSignIn */; };
		EF290FD62CDD19D3008001C5 /* GoogleSignInSwift in Frameworks */ = {isa = PBXBuildFile; productRef = EF290FD52CDD19D3008001C5 /* GoogleSignInSwift */; };
		EF3EE8492CDA884E003D94E8 /* FirebaseAnalytics in Frameworks */ = {isa = PBXBuildFile; productRef = EF3EE8482CDA884E003D94E8 /* FirebaseAnalytics */; };
		EF3EE84B2CDA884E003D94E8 /* FirebaseAnalyticsOnDeviceConversion in Frameworks */ = {isa = PBXBuildFile; productRef = EF3EE84A2CDA884E003D94E8 /* FirebaseAnalyticsOnDeviceConversion */; };
		EF3EE84D2CDA884E003D94E8 /* FirebaseAnalyticsWithoutAdIdSupport in Frameworks */ = {isa = PBXBuildFile; productRef = EF3EE84C2CDA884E003D94E8 /* FirebaseAnalyticsWithoutAdIdSupport */; };
		EF3EE84F2CDA884E003D94E8 /* FirebaseAppCheck in Frameworks */ = {isa = PBXBuildFile; productRef = EF3EE84E2CDA884E003D94E8 /* FirebaseAppCheck */; };
		EF3EE8512CDA884E003D94E8 /* FirebaseAppDistribution-Beta in Frameworks */ = {isa = PBXBuildFile; productRef = EF3EE8502CDA884E003D94E8 /* FirebaseAppDistribution-Beta */; };
		EF3EE8532CDA884E003D94E8 /* FirebaseAuth in Frameworks */ = {isa = PBXBuildFile; productRef = EF3EE8522CDA884E003D94E8 /* FirebaseAuth */; };
		EF3EE8552CDA884E003D94E8 /* FirebaseAuthCombine-Community in Frameworks */ = {isa = PBXBuildFile; productRef = EF3EE8542CDA884E003D94E8 /* FirebaseAuthCombine-Community */; };
		EF3EE8572CDA884E003D94E8 /* FirebaseCore in Frameworks */ = {isa = PBXBuildFile; productRef = EF3EE8562CDA884E003D94E8 /* FirebaseCore */; };
		EF3EE8592CDA884E003D94E8 /* FirebaseCrashlytics in Frameworks */ = {isa = PBXBuildFile; productRef = EF3EE8582CDA884E003D94E8 /* FirebaseCrashlytics */; };
		EF3EE85B2CDA884E003D94E8 /* FirebaseDatabase in Frameworks */ = {isa = PBXBuildFile; productRef = EF3EE85A2CDA884E003D94E8 /* FirebaseDatabase */; };
		EF3EE85D2CDA884E003D94E8 /* FirebaseDynamicLinks in Frameworks */ = {isa = PBXBuildFile; productRef = EF3EE85C2CDA884E003D94E8 /* FirebaseDynamicLinks */; };
		EF3EE85F2CDA884E003D94E8 /* FirebaseFirestore in Frameworks */ = {isa = PBXBuildFile; productRef = EF3EE85E2CDA884E003D94E8 /* FirebaseFirestore */; };
		EF3EE8612CDA884E003D94E8 /* FirebaseFirestoreCombine-Community in Frameworks */ = {isa = PBXBuildFile; productRef = EF3EE8602CDA884E003D94E8 /* FirebaseFirestoreCombine-Community */; };
		EF3EE8632CDA884E003D94E8 /* FirebaseFunctions in Frameworks */ = {isa = PBXBuildFile; productRef = EF3EE8622CDA884E003D94E8 /* FirebaseFunctions */; };
		EF3EE8652CDA884E003D94E8 /* FirebaseFunctionsCombine-Community in Frameworks */ = {isa = PBXBuildFile; productRef = EF3EE8642CDA884E003D94E8 /* FirebaseFunctionsCombine-Community */; };
		EF3EE8672CDA884E003D94E8 /* FirebaseInAppMessaging-Beta in Frameworks */ = {isa = PBXBuildFile; productRef = EF3EE8662CDA884E003D94E8 /* FirebaseInAppMessaging-Beta */; };
		EF3EE8692CDA884E003D94E8 /* FirebaseInstallations in Frameworks */ = {isa = PBXBuildFile; productRef = EF3EE8682CDA884E003D94E8 /* FirebaseInstallations */; };
		EF3EE86B2CDA884E003D94E8 /* FirebaseMLModelDownloader in Frameworks */ = {isa = PBXBuildFile; productRef = EF3EE86A2CDA884E003D94E8 /* FirebaseMLModelDownloader */; };
		EF3EE86D2CDA884E003D94E8 /* FirebaseMessaging in Frameworks */ = {isa = PBXBuildFile; productRef = EF3EE86C2CDA884E003D94E8 /* FirebaseMessaging */; };
		EF3EE86F2CDA884E003D94E8 /* FirebasePerformance in Frameworks */ = {isa = PBXBuildFile; productRef = EF3EE86E2CDA884E003D94E8 /* FirebasePerformance */; };
		EF3EE8712CDA884E003D94E8 /* FirebaseRemoteConfig in Frameworks */ = {isa = PBXBuildFile; productRef = EF3EE8702CDA884E003D94E8 /* FirebaseRemoteConfig */; };
		EF3EE8732CDA884E003D94E8 /* FirebaseStorage in Frameworks */ = {isa = PBXBuildFile; productRef = EF3EE8722CDA884E003D94E8 /* FirebaseStorage */; };
		EF3EE8752CDA884E003D94E8 /* FirebaseStorageCombine-Community in Frameworks */ = {isa = PBXBuildFile; productRef = EF3EE8742CDA884E003D94E8 /* FirebaseStorageCombine-Community */; };
		EF3EE8772CDA884E003D94E8 /* FirebaseVertexAI in Frameworks */ = {isa = PBXBuildFile; productRef = EF3EE8762CDA884E003D94E8 /* FirebaseVertexAI */; };
		EF41B5762CE0C53D0077BF8D /* SDWebImage in Frameworks */ = {isa = PBXBuildFile; productRef = EF41B5752CE0C53D0077BF8D /* SDWebImage */; };
		EF41B5782CE0C53D0077BF8D /* SDWebImageMapKit in Frameworks */ = {isa = PBXBuildFile; productRef = EF41B5772CE0C53D0077BF8D /* SDWebImageMapKit */; };
		EF41B57B2CE0C5D40077BF8D /* Cloudinary in Frameworks */ = {isa = PBXBuildFile; productRef = EF41B57A2CE0C5D40077BF8D /* Cloudinary */; };
		EF9738402CDE55E5004D501D /* JGProgressHUD in Frameworks */ = {isa = PBXBuildFile; productRef = EF97383F2CDE55E5004D501D /* JGProgressHUD */; };
		EFC8AC4D2CDE3D260088E20D /* MessageKit in Frameworks */ = {isa = PBXBuildFile; productRef = EFC8AC4C2CDE3D260088E20D /* MessageKit */; };
		EFF2CEA12CD90A4700E347B2 /* IQKeyboardManagerSwift in Frameworks */ = {isa = PBXBuildFile; productRef = EFF2CEA02CD90A4700E347B2 /* IQKeyboardManagerSwift */; };
/* End PBXBuildFile section */

/* Begin PBXFileReference section */
		EFF2CE872CD909CE00E347B2 /* ChatBuddyIOS.app */ = {isa = PBXFileReference; explicitFileType = wrapper.application; includeInIndex = 0; path = ChatBuddyIOS.app; sourceTree = BUILT_PRODUCTS_DIR; };
/* End PBXFileReference section */

/* Begin PBXFileSystemSynchronizedBuildFileExceptionSet section */
		EFF2CE992CD909CF00E347B2 /* Exceptions for "ChatBuddyIOS" folder in "ChatBuddyIOS" target */ = {
			isa = PBXFileSystemSynchronizedBuildFileExceptionSet;
			membershipExceptions = (
				Info.plist,
			);
			target = EFF2CE862CD909CE00E347B2 /* ChatBuddyIOS */;
		};
/* End PBXFileSystemSynchronizedBuildFileExceptionSet section */

/* Begin PBXFileSystemSynchronizedRootGroup section */
		EFF2CE892CD909CE00E347B2 /* ChatBuddyIOS */ = {
			isa = PBXFileSystemSynchronizedRootGroup;
			exceptions = (
				EFF2CE992CD909CF00E347B2 /* Exceptions for "ChatBuddyIOS" folder in "ChatBuddyIOS" target */,
			);
			path = ChatBuddyIOS;
			sourceTree = "<group>";
		};
/* End PBXFileSystemSynchronizedRootGroup section */

/* Begin PBXFrameworksBuildPhase section */
		EFF2CE842CD909CE00E347B2 /* Frameworks */ = {
			isa = PBXFrameworksBuildPhase;
			buildActionMask = 2147483647;
			files = (
				EF3EE8492CDA884E003D94E8 /* FirebaseAnalytics in Frameworks */,
				EF3EE85F2CDA884E003D94E8 /* FirebaseFirestore in Frameworks */,
				EF3EE84B2CDA884E003D94E8 /* FirebaseAnalyticsOnDeviceConversion in Frameworks */,
				EFC8AC4D2CDE3D260088E20D /* MessageKit in Frameworks */,
				EF41B57B2CE0C5D40077BF8D /* Cloudinary in Frameworks */,
				EF290FD42CDD19D3008001C5 /* GoogleSignIn in Frameworks */,
				EF3EE8692CDA884E003D94E8 /* FirebaseInstallations in Frameworks */,
				EFF2CEA12CD90A4700E347B2 /* IQKeyboardManagerSwift in Frameworks */,
				EF3EE84F2CDA884E003D94E8 /* FirebaseAppCheck in Frameworks */,
				EF41B5782CE0C53D0077BF8D /* SDWebImageMapKit in Frameworks */,
				EF3EE8672CDA884E003D94E8 /* FirebaseInAppMessaging-Beta in Frameworks */,
				EF3EE84D2CDA884E003D94E8 /* FirebaseAnalyticsWithoutAdIdSupport in Frameworks */,
				EF290FD62CDD19D3008001C5 /* GoogleSignInSwift in Frameworks */,
				EF3EE8532CDA884E003D94E8 /* FirebaseAuth in Frameworks */,
				EF3EE8652CDA884E003D94E8 /* FirebaseFunctionsCombine-Community in Frameworks */,
				EF3EE8752CDA884E003D94E8 /* FirebaseStorageCombine-Community in Frameworks */,
				EF3EE8512CDA884E003D94E8 /* FirebaseAppDistribution-Beta in Frameworks */,
				EF3EE8772CDA884E003D94E8 /* FirebaseVertexAI in Frameworks */,
				EF3EE8732CDA884E003D94E8 /* FirebaseStorage in Frameworks */,
				EF3EE8712CDA884E003D94E8 /* FirebaseRemoteConfig in Frameworks */,
				EF3EE8592CDA884E003D94E8 /* FirebaseCrashlytics in Frameworks */,
				EF3EE86D2CDA884E003D94E8 /* FirebaseMessaging in Frameworks */,
				EF3EE86B2CDA884E003D94E8 /* FirebaseMLModelDownloader in Frameworks */,
				EF3EE86F2CDA884E003D94E8 /* FirebasePerformance in Frameworks */,
				EF9738402CDE55E5004D501D /* JGProgressHUD in Frameworks */,
				EF3EE85B2CDA884E003D94E8 /* FirebaseDatabase in Frameworks */,
				EF41B5762CE0C53D0077BF8D /* SDWebImage in Frameworks */,
				EF3EE8572CDA884E003D94E8 /* FirebaseCore in Frameworks */,
				EF3EE8552CDA884E003D94E8 /* FirebaseAuthCombine-Community in Frameworks */,
				EF3EE8632CDA884E003D94E8 /* FirebaseFunctions in Frameworks */,
				EF3EE85D2CDA884E003D94E8 /* FirebaseDynamicLinks in Frameworks */,
				EF3EE8612CDA884E003D94E8 /* FirebaseFirestoreCombine-Community in Frameworks */,
			);
			runOnlyForDeploymentPostprocessing = 0;
		};
/* End PBXFrameworksBuildPhase section */

/* Begin PBXGroup section */
		EFF2CE7E2CD909CE00E347B2 = {
			isa = PBXGroup;
			children = (
				EFF2CE892CD909CE00E347B2 /* ChatBuddyIOS */,
				EFF2CE882CD909CE00E347B2 /* Products */,
			);
			sourceTree = "<group>";
		};
		EFF2CE882CD909CE00E347B2 /* Products */ = {
			isa = PBXGroup;
			children = (
				EFF2CE872CD909CE00E347B2 /* ChatBuddyIOS.app */,
			);
			name = Products;
			sourceTree = "<group>";
		};
/* End PBXGroup section */

/* Begin PBXNativeTarget section */
		EFF2CE862CD909CE00E347B2 /* ChatBuddyIOS */ = {
			isa = PBXNativeTarget;
			buildConfigurationList = EFF2CE9A2CD909CF00E347B2 /* Build configuration list for PBXNativeTarget "ChatBuddyIOS" */;
			buildPhases = (
				EFF2CE832CD909CE00E347B2 /* Sources */,
				EFF2CE842CD909CE00E347B2 /* Frameworks */,
				EFF2CE852CD909CE00E347B2 /* Resources */,
			);
			buildRules = (
			);
			dependencies = (
			);
			fileSystemSynchronizedGroups = (
				EFF2CE892CD909CE00E347B2 /* ChatBuddyIOS */,
			);
			name = ChatBuddyIOS;
			packageProductDependencies = (
				EFF2CEA02CD90A4700E347B2 /* IQKeyboardManagerSwift */,
				EF3EE8482CDA884E003D94E8 /* FirebaseAnalytics */,
				EF3EE84A2CDA884E003D94E8 /* FirebaseAnalyticsOnDeviceConversion */,
				EF3EE84C2CDA884E003D94E8 /* FirebaseAnalyticsWithoutAdIdSupport */,
				EF3EE84E2CDA884E003D94E8 /* FirebaseAppCheck */,
				EF3EE8502CDA884E003D94E8 /* FirebaseAppDistribution-Beta */,
				EF3EE8522CDA884E003D94E8 /* FirebaseAuth */,
				EF3EE8542CDA884E003D94E8 /* FirebaseAuthCombine-Community */,
				EF3EE8562CDA884E003D94E8 /* FirebaseCore */,
				EF3EE8582CDA884E003D94E8 /* FirebaseCrashlytics */,
				EF3EE85A2CDA884E003D94E8 /* FirebaseDatabase */,
				EF3EE85C2CDA884E003D94E8 /* FirebaseDynamicLinks */,
				EF3EE85E2CDA884E003D94E8 /* FirebaseFirestore */,
				EF3EE8602CDA884E003D94E8 /* FirebaseFirestoreCombine-Community */,
				EF3EE8622CDA884E003D94E8 /* FirebaseFunctions */,
				EF3EE8642CDA884E003D94E8 /* FirebaseFunctionsCombine-Community */,
				EF3EE8662CDA884E003D94E8 /* FirebaseInAppMessaging-Beta */,
				EF3EE8682CDA884E003D94E8 /* FirebaseInstallations */,
				EF3EE86A2CDA884E003D94E8 /* FirebaseMLModelDownloader */,
				EF3EE86C2CDA884E003D94E8 /* FirebaseMessaging */,
				EF3EE86E2CDA884E003D94E8 /* FirebasePerformance */,
				EF3EE8702CDA884E003D94E8 /* FirebaseRemoteConfig */,
				EF3EE8722CDA884E003D94E8 /* FirebaseStorage */,
				EF3EE8742CDA884E003D94E8 /* FirebaseStorageCombine-Community */,
				EF3EE8762CDA884E003D94E8 /* FirebaseVertexAI */,
				EF290FD32CDD19D3008001C5 /* GoogleSignIn */,
				EF290FD52CDD19D3008001C5 /* GoogleSignInSwift */,
				EFC8AC4C2CDE3D260088E20D /* MessageKit */,
				EF97383F2CDE55E5004D501D /* JGProgressHUD */,
				EF41B5752CE0C53D0077BF8D /* SDWebImage */,
				EF41B5772CE0C53D0077BF8D /* SDWebImageMapKit */,
				EF41B57A2CE0C5D40077BF8D /* Cloudinary */,
			);
			productName = ChatBuddyIOS;
			productReference = EFF2CE872CD909CE00E347B2 /* ChatBuddyIOS.app */;
			productType = "com.apple.product-type.application";
		};
/* End PBXNativeTarget section */

/* Begin PBXProject section */
		EFF2CE7F2CD909CE00E347B2 /* Project object */ = {
			isa = PBXProject;
			attributes = {
				BuildIndependentTargetsInParallel = 1;
				LastSwiftUpdateCheck = 1600;
				LastUpgradeCheck = 1600;
				TargetAttributes = {
					EFF2CE862CD909CE00E347B2 = {
						CreatedOnToolsVersion = 16.0;
					};
				};
			};
			buildConfigurationList = EFF2CE822CD909CE00E347B2 /* Build configuration list for PBXProject "ChatBuddyIOS" */;
			developmentRegion = en;
			hasScannedForEncodings = 0;
			knownRegions = (
				en,
				Base,
			);
			mainGroup = EFF2CE7E2CD909CE00E347B2;
			minimizedProjectReferenceProxies = 1;
			packageReferences = (
				EFF2CE9F2CD90A4700E347B2 /* XCRemoteSwiftPackageReference "IQKeyboardManager" */,
				EF3EE8472CDA884E003D94E8 /* XCRemoteSwiftPackageReference "firebase-ios-sdk" */,
				EF290FD22CDD19D3008001C5 /* XCRemoteSwiftPackageReference "GoogleSignIn-iOS" */,
				EFC8AC4B2CDE3D260088E20D /* XCRemoteSwiftPackageReference "MessageKit" */,
				EF97383E2CDE55E5004D501D /* XCRemoteSwiftPackageReference "JGProgressHUD" */,
				EF41B5742CE0C53D0077BF8D /* XCRemoteSwiftPackageReference "SDWebImage" */,
				EF41B5792CE0C5D40077BF8D /* XCRemoteSwiftPackageReference "cloudinary_ios" */,
			);
			preferredProjectObjectVersion = 77;
			productRefGroup = EFF2CE882CD909CE00E347B2 /* Products */;
			projectDirPath = "";
			projectRoot = "";
			targets = (
				EFF2CE862CD909CE00E347B2 /* ChatBuddyIOS */,
			);
		};
/* End PBXProject section */

/* Begin PBXResourcesBuildPhase section */
		EFF2CE852CD909CE00E347B2 /* Resources */ = {
			isa = PBXResourcesBuildPhase;
			buildActionMask = 2147483647;
			files = (
			);
			runOnlyForDeploymentPostprocessing = 0;
		};
/* End PBXResourcesBuildPhase section */

/* Begin PBXSourcesBuildPhase section */
		EFF2CE832CD909CE00E347B2 /* Sources */ = {
			isa = PBXSourcesBuildPhase;
			buildActionMask = 2147483647;
			files = (
			);
			runOnlyForDeploymentPostprocessing = 0;
		};
/* End PBXSourcesBuildPhase section */

/* Begin XCBuildConfiguration section */
		EFF2CE9B2CD909CF00E347B2 /* Debug */ = {
			isa = XCBuildConfiguration;
			buildSettings = {
				ASSETCATALOG_COMPILER_APPICON_NAME = AppIcon;
				ASSETCATALOG_COMPILER_GLOBAL_ACCENT_COLOR_NAME = AccentColor;
				CODE_SIGN_STYLE = Automatic;
				CURRENT_PROJECT_VERSION = 1;
				GENERATE_INFOPLIST_FILE = YES;
				INFOPLIST_FILE = ChatBuddyIOS/Info.plist;
				INFOPLIST_KEY_UIApplicationSupportsIndirectInputEvents = YES;
				INFOPLIST_KEY_UILaunchStoryboardName = LaunchScreen;
				INFOPLIST_KEY_UIMainStoryboardFile = Main;
				INFOPLIST_KEY_UISupportedInterfaceOrientations_iPad = "UIInterfaceOrientationPortrait UIInterfaceOrientationPortraitUpsideDown UIInterfaceOrientationLandscapeLeft UIInterfaceOrientationLandscapeRight";
				INFOPLIST_KEY_UISupportedInterfaceOrientations_iPhone = "UIInterfaceOrientationPortrait UIInterfaceOrientationLandscapeLeft UIInterfaceOrientationLandscapeRight";
				LD_RUNPATH_SEARCH_PATHS = (
					"$(inherited)",
					"@executable_path/Frameworks",
				);
				MARKETING_VERSION = 1.0;
				PRODUCT_BUNDLE_IDENTIFIER = com.hello.ChatBuddyIOS;
				PRODUCT_NAME = "$(TARGET_NAME)";
				SWIFT_EMIT_LOC_STRINGS = YES;
				SWIFT_VERSION = 5.0;
				TARGETED_DEVICE_FAMILY = "1,2";
			};
			name = Debug;
		};
		EFF2CE9C2CD909CF00E347B2 /* Release */ = {
			isa = XCBuildConfiguration;
			buildSettings = {
				ASSETCATALOG_COMPILER_APPICON_NAME = AppIcon;
				ASSETCATALOG_COMPILER_GLOBAL_ACCENT_COLOR_NAME = AccentColor;
				CODE_SIGN_STYLE = Automatic;
				CURRENT_PROJECT_VERSION = 1;
				GENERATE_INFOPLIST_FILE = YES;
				INFOPLIST_FILE = ChatBuddyIOS/Info.plist;
				INFOPLIST_KEY_UIApplicationSupportsIndirectInputEvents = YES;
				INFOPLIST_KEY_UILaunchStoryboardName = LaunchScreen;
				INFOPLIST_KEY_UIMainStoryboardFile = Main;
				INFOPLIST_KEY_UISupportedInterfaceOrientations_iPad = "UIInterfaceOrientationPortrait UIInterfaceOrientationPortraitUpsideDown UIInterfaceOrientationLandscapeLeft UIInterfaceOrientationLandscapeRight";
				INFOPLIST_KEY_UISupportedInterfaceOrientations_iPhone = "UIInterfaceOrientationPortrait UIInterfaceOrientationLandscapeLeft UIInterfaceOrientationLandscapeRight";
				LD_RUNPATH_SEARCH_PATHS = (
					"$(inherited)",
					"@executable_path/Frameworks",
				);
				MARKETING_VERSION = 1.0;
				PRODUCT_BUNDLE_IDENTIFIER = com.hello.ChatBuddyIOS;
				PRODUCT_NAME = "$(TARGET_NAME)";
				SWIFT_EMIT_LOC_STRINGS = YES;
				SWIFT_VERSION = 5.0;
				TARGETED_DEVICE_FAMILY = "1,2";
			};
			name = Release;
		};
		EFF2CE9D2CD909CF00E347B2 /* Debug */ = {
			isa = XCBuildConfiguration;
			buildSettings = {
				ALWAYS_SEARCH_USER_PATHS = NO;
				ASSETCATALOG_COMPILER_GENERATE_SWIFT_ASSET_SYMBOL_EXTENSIONS = YES;
				CLANG_ANALYZER_NONNULL = YES;
				CLANG_ANALYZER_NUMBER_OBJECT_CONVERSION = YES_AGGRESSIVE;
				CLANG_CXX_LANGUAGE_STANDARD = "gnu++20";
				CLANG_ENABLE_MODULES = YES;
				CLANG_ENABLE_OBJC_ARC = YES;
				CLANG_ENABLE_OBJC_WEAK = YES;
				CLANG_WARN_BLOCK_CAPTURE_AUTORELEASING = YES;
				CLANG_WARN_BOOL_CONVERSION = YES;
				CLANG_WARN_COMMA = YES;
				CLANG_WARN_CONSTANT_CONVERSION = YES;
				CLANG_WARN_DEPRECATED_OBJC_IMPLEMENTATIONS = YES;
				CLANG_WARN_DIRECT_OBJC_ISA_USAGE = YES_ERROR;
				CLANG_WARN_DOCUMENTATION_COMMENTS = YES;
				CLANG_WARN_EMPTY_BODY = YES;
				CLANG_WARN_ENUM_CONVERSION = YES;
				CLANG_WARN_INFINITE_RECURSION = YES;
				CLANG_WARN_INT_CONVERSION = YES;
				CLANG_WARN_NON_LITERAL_NULL_CONVERSION = YES;
				CLANG_WARN_OBJC_IMPLICIT_RETAIN_SELF = YES;
				CLANG_WARN_OBJC_LITERAL_CONVERSION = YES;
				CLANG_WARN_OBJC_ROOT_CLASS = YES_ERROR;
				CLANG_WARN_QUOTED_INCLUDE_IN_FRAMEWORK_HEADER = YES;
				CLANG_WARN_RANGE_LOOP_ANALYSIS = YES;
				CLANG_WARN_STRICT_PROTOTYPES = YES;
				CLANG_WARN_SUSPICIOUS_MOVE = YES;
				CLANG_WARN_UNGUARDED_AVAILABILITY = YES_AGGRESSIVE;
				CLANG_WARN_UNREACHABLE_CODE = YES;
				CLANG_WARN__DUPLICATE_METHOD_MATCH = YES;
				COPY_PHASE_STRIP = NO;
				DEBUG_INFORMATION_FORMAT = dwarf;
				ENABLE_STRICT_OBJC_MSGSEND = YES;
				ENABLE_TESTABILITY = YES;
				ENABLE_USER_SCRIPT_SANDBOXING = YES;
				GCC_C_LANGUAGE_STANDARD = gnu17;
				GCC_DYNAMIC_NO_PIC = NO;
				GCC_NO_COMMON_BLOCKS = YES;
				GCC_OPTIMIZATION_LEVEL = 0;
				GCC_PREPROCESSOR_DEFINITIONS = (
					"DEBUG=1",
					"$(inherited)",
				);
				GCC_WARN_64_TO_32_BIT_CONVERSION = YES;
				GCC_WARN_ABOUT_RETURN_TYPE = YES_ERROR;
				GCC_WARN_UNDECLARED_SELECTOR = YES;
				GCC_WARN_UNINITIALIZED_AUTOS = YES_AGGRESSIVE;
				GCC_WARN_UNUSED_FUNCTION = YES;
				GCC_WARN_UNUSED_VARIABLE = YES;
				IPHONEOS_DEPLOYMENT_TARGET = 18.0;
				LOCALIZATION_PREFERS_STRING_CATALOGS = YES;
				MTL_ENABLE_DEBUG_INFO = INCLUDE_SOURCE;
				MTL_FAST_MATH = YES;
				ONLY_ACTIVE_ARCH = YES;
				SDKROOT = iphoneos;
				SWIFT_ACTIVE_COMPILATION_CONDITIONS = "DEBUG $(inherited)";
				SWIFT_OPTIMIZATION_LEVEL = "-Onone";
			};
			name = Debug;
		};
		EFF2CE9E2CD909CF00E347B2 /* Release */ = {
			isa = XCBuildConfiguration;
			buildSettings = {
				ALWAYS_SEARCH_USER_PATHS = NO;
				ASSETCATALOG_COMPILER_GENERATE_SWIFT_ASSET_SYMBOL_EXTENSIONS = YES;
				CLANG_ANALYZER_NONNULL = YES;
				CLANG_ANALYZER_NUMBER_OBJECT_CONVERSION = YES_AGGRESSIVE;
				CLANG_CXX_LANGUAGE_STANDARD = "gnu++20";
				CLANG_ENABLE_MODULES = YES;
				CLANG_ENABLE_OBJC_ARC = YES;
				CLANG_ENABLE_OBJC_WEAK = YES;
				CLANG_WARN_BLOCK_CAPTURE_AUTORELEASING = YES;
				CLANG_WARN_BOOL_CONVERSION = YES;
				CLANG_WARN_COMMA = YES;
				CLANG_WARN_CONSTANT_CONVERSION = YES;
				CLANG_WARN_DEPRECATED_OBJC_IMPLEMENTATIONS = YES;
				CLANG_WARN_DIRECT_OBJC_ISA_USAGE = YES_ERROR;
				CLANG_WARN_DOCUMENTATION_COMMENTS = YES;
				CLANG_WARN_EMPTY_BODY = YES;
				CLANG_WARN_ENUM_CONVERSION = YES;
				CLANG_WARN_INFINITE_RECURSION = YES;
				CLANG_WARN_INT_CONVERSION = YES;
				CLANG_WARN_NON_LITERAL_NULL_CONVERSION = YES;
				CLANG_WARN_OBJC_IMPLICIT_RETAIN_SELF = YES;
				CLANG_WARN_OBJC_LITERAL_CONVERSION = YES;
				CLANG_WARN_OBJC_ROOT_CLASS = YES_ERROR;
				CLANG_WARN_QUOTED_INCLUDE_IN_FRAMEWORK_HEADER = YES;
				CLANG_WARN_RANGE_LOOP_ANALYSIS = YES;
				CLANG_WARN_STRICT_PROTOTYPES = YES;
				CLANG_WARN_SUSPICIOUS_MOVE = YES;
				CLANG_WARN_UNGUARDED_AVAILABILITY = YES_AGGRESSIVE;
				CLANG_WARN_UNREACHABLE_CODE = YES;
				CLANG_WARN__DUPLICATE_METHOD_MATCH = YES;
				COPY_PHASE_STRIP = NO;
				DEBUG_INFORMATION_FORMAT = "dwarf-with-dsym";
				ENABLE_NS_ASSERTIONS = NO;
				ENABLE_STRICT_OBJC_MSGSEND = YES;
				ENABLE_USER_SCRIPT_SANDBOXING = YES;
				GCC_C_LANGUAGE_STANDARD = gnu17;
				GCC_NO_COMMON_BLOCKS = YES;
				GCC_WARN_64_TO_32_BIT_CONVERSION = YES;
				GCC_WARN_ABOUT_RETURN_TYPE = YES_ERROR;
				GCC_WARN_UNDECLARED_SELECTOR = YES;
				GCC_WARN_UNINITIALIZED_AUTOS = YES_AGGRESSIVE;
				GCC_WARN_UNUSED_FUNCTION = YES;
				GCC_WARN_UNUSED_VARIABLE = YES;
				IPHONEOS_DEPLOYMENT_TARGET = 18.0;
				LOCALIZATION_PREFERS_STRING_CATALOGS = YES;
				MTL_ENABLE_DEBUG_INFO = NO;
				MTL_FAST_MATH = YES;
				SDKROOT = iphoneos;
				SWIFT_COMPILATION_MODE = wholemodule;
				VALIDATE_PRODUCT = YES;
			};
			name = Release;
		};
/* End XCBuildConfiguration section */

/* Begin XCConfigurationList section */
		EFF2CE822CD909CE00E347B2 /* Build configuration list for PBXProject "ChatBuddyIOS" */ = {
			isa = XCConfigurationList;
			buildConfigurations = (
				EFF2CE9D2CD909CF00E347B2 /* Debug */,
				EFF2CE9E2CD909CF00E347B2 /* Release */,
			);
			defaultConfigurationIsVisible = 0;
			defaultConfigurationName = Release;
		};
		EFF2CE9A2CD909CF00E347B2 /* Build configuration list for PBXNativeTarget "ChatBuddyIOS" */ = {
			isa = XCConfigurationList;
			buildConfigurations = (
				EFF2CE9B2CD909CF00E347B2 /* Debug */,
				EFF2CE9C2CD909CF00E347B2 /* Release */,
			);
			defaultConfigurationIsVisible = 0;
			defaultConfigurationName = Release;
		};
/* End XCConfigurationList section */

/* Begin XCRemoteSwiftPackageReference section */
		EF290FD22CDD19D3008001C5 /* XCRemoteSwiftPackageReference "GoogleSignIn-iOS" */ = {
			isa = XCRemoteSwiftPackageReference;
			repositoryURL = "https://github.com/google/GoogleSignIn-iOS";
			requirement = {
				kind = upToNextMajorVersion;
				minimumVersion = 8.0.0;
			};
		};
		EF3EE8472CDA884E003D94E8 /* XCRemoteSwiftPackageReference "firebase-ios-sdk" */ = {
			isa = XCRemoteSwiftPackageReference;
			repositoryURL = "https://github.com/firebase/firebase-ios-sdk";
			requirement = {
				kind = upToNextMajorVersion;
				minimumVersion = 11.4.0;
			};
		};
		EF41B5742CE0C53D0077BF8D /* XCRemoteSwiftPackageReference "SDWebImage" */ = {
			isa = XCRemoteSwiftPackageReference;
			repositoryURL = "https://github.com/SDWebImage/SDWebImage.git";
			requirement = {
				kind = upToNextMajorVersion;
				minimumVersion = 5.20.0;
			};
		};
		EF41B5792CE0C5D40077BF8D /* XCRemoteSwiftPackageReference "cloudinary_ios" */ = {
			isa = XCRemoteSwiftPackageReference;
			repositoryURL = "https://github.com/cloudinary/cloudinary_ios.git";
			requirement = {
				kind = upToNextMajorVersion;
				minimumVersion = 5.1.0;
			};
		};
		EF97383E2CDE55E5004D501D /* XCRemoteSwiftPackageReference "JGProgressHUD" */ = {
			isa = XCRemoteSwiftPackageReference;
			repositoryURL = "https://github.com/JonasGessner/JGProgressHUD.git";
			requirement = {
				kind = upToNextMajorVersion;
				minimumVersion = 2.2.0;
			};
		};
		EFC8AC4B2CDE3D260088E20D /* XCRemoteSwiftPackageReference "MessageKit" */ = {
			isa = XCRemoteSwiftPackageReference;
			repositoryURL = "https://github.com/MessageKit/MessageKit";
			requirement = {
				kind = upToNextMajorVersion;
				minimumVersion = 4.3.0;
			};
		};
		EFF2CE9F2CD90A4700E347B2 /* XCRemoteSwiftPackageReference "IQKeyboardManager" */ = {
			isa = XCRemoteSwiftPackageReference;
			repositoryURL = "https://github.com/hackiftekhar/IQKeyboardManager.git";
			requirement = {
				kind = upToNextMajorVersion;
				minimumVersion = 8.0.0;
			};
		};
/* End XCRemoteSwiftPackageReference section */

/* Begin XCSwiftPackageProductDependency section */
		EF290FD32CDD19D3008001C5 /* GoogleSignIn */ = {
			isa = XCSwiftPackageProductDependency;
			package = EF290FD22CDD19D3008001C5 /* XCRemoteSwiftPackageReference "GoogleSignIn-iOS" */;
			productName = GoogleSignIn;
		};
		EF290FD52CDD19D3008001C5 /* GoogleSignInSwift */ = {
			isa = XCSwiftPackageProductDependency;
			package = EF290FD22CDD19D3008001C5 /* XCRemoteSwiftPackageReference "GoogleSignIn-iOS" */;
			productName = GoogleSignInSwift;
		};
		EF3EE8482CDA884E003D94E8 /* FirebaseAnalytics */ = {
			isa = XCSwiftPackageProductDependency;
			package = EF3EE8472CDA884E003D94E8 /* XCRemoteSwiftPackageReference "firebase-ios-sdk" */;
			productName = FirebaseAnalytics;
		};
		EF3EE84A2CDA884E003D94E8 /* FirebaseAnalyticsOnDeviceConversion */ = {
			isa = XCSwiftPackageProductDependency;
			package = EF3EE8472CDA884E003D94E8 /* XCRemoteSwiftPackageReference "firebase-ios-sdk" */;
			productName = FirebaseAnalyticsOnDeviceConversion;
		};
		EF3EE84C2CDA884E003D94E8 /* FirebaseAnalyticsWithoutAdIdSupport */ = {
			isa = XCSwiftPackageProductDependency;
			package = EF3EE8472CDA884E003D94E8 /* XCRemoteSwiftPackageReference "firebase-ios-sdk" */;
			productName = FirebaseAnalyticsWithoutAdIdSupport;
		};
		EF3EE84E2CDA884E003D94E8 /* FirebaseAppCheck */ = {
			isa = XCSwiftPackageProductDependency;
			package = EF3EE8472CDA884E003D94E8 /* XCRemoteSwiftPackageReference "firebase-ios-sdk" */;
			productName = FirebaseAppCheck;
		};
		EF3EE8502CDA884E003D94E8 /* FirebaseAppDistribution-Beta */ = {
			isa = XCSwiftPackageProductDependency;
			package = EF3EE8472CDA884E003D94E8 /* XCRemoteSwiftPackageReference "firebase-ios-sdk" */;
			productName = "FirebaseAppDistribution-Beta";
		};
		EF3EE8522CDA884E003D94E8 /* FirebaseAuth */ = {
			isa = XCSwiftPackageProductDependency;
			package = EF3EE8472CDA884E003D94E8 /* XCRemoteSwiftPackageReference "firebase-ios-sdk" */;
			productName = FirebaseAuth;
		};
		EF3EE8542CDA884E003D94E8 /* FirebaseAuthCombine-Community */ = {
			isa = XCSwiftPackageProductDependency;
			package = EF3EE8472CDA884E003D94E8 /* XCRemoteSwiftPackageReference "firebase-ios-sdk" */;
			productName = "FirebaseAuthCombine-Community";
		};
		EF3EE8562CDA884E003D94E8 /* FirebaseCore */ = {
			isa = XCSwiftPackageProductDependency;
			package = EF3EE8472CDA884E003D94E8 /* XCRemoteSwiftPackageReference "firebase-ios-sdk" */;
			productName = FirebaseCore;
		};
		EF3EE8582CDA884E003D94E8 /* FirebaseCrashlytics */ = {
			isa = XCSwiftPackageProductDependency;
			package = EF3EE8472CDA884E003D94E8 /* XCRemoteSwiftPackageReference "firebase-ios-sdk" */;
			productName = FirebaseCrashlytics;
		};
		EF3EE85A2CDA884E003D94E8 /* FirebaseDatabase */ = {
			isa = XCSwiftPackageProductDependency;
			package = EF3EE8472CDA884E003D94E8 /* XCRemoteSwiftPackageReference "firebase-ios-sdk" */;
			productName = FirebaseDatabase;
		};
		EF3EE85C2CDA884E003D94E8 /* FirebaseDynamicLinks */ = {
			isa = XCSwiftPackageProductDependency;
			package = EF3EE8472CDA884E003D94E8 /* XCRemoteSwiftPackageReference "firebase-ios-sdk" */;
			productName = FirebaseDynamicLinks;
		};
		EF3EE85E2CDA884E003D94E8 /* FirebaseFirestore */ = {
			isa = XCSwiftPackageProductDependency;
			package = EF3EE8472CDA884E003D94E8 /* XCRemoteSwiftPackageReference "firebase-ios-sdk" */;
			productName = FirebaseFirestore;
		};
		EF3EE8602CDA884E003D94E8 /* FirebaseFirestoreCombine-Community */ = {
			isa = XCSwiftPackageProductDependency;
			package = EF3EE8472CDA884E003D94E8 /* XCRemoteSwiftPackageReference "firebase-ios-sdk" */;
			productName = "FirebaseFirestoreCombine-Community";
		};
		EF3EE8622CDA884E003D94E8 /* FirebaseFunctions */ = {
			isa = XCSwiftPackageProductDependency;
			package = EF3EE8472CDA884E003D94E8 /* XCRemoteSwiftPackageReference "firebase-ios-sdk" */;
			productName = FirebaseFunctions;
		};
		EF3EE8642CDA884E003D94E8 /* FirebaseFunctionsCombine-Community */ = {
			isa = XCSwiftPackageProductDependency;
			package = EF3EE8472CDA884E003D94E8 /* XCRemoteSwiftPackageReference "firebase-ios-sdk" */;
			productName = "FirebaseFunctionsCombine-Community";
		};
		EF3EE8662CDA884E003D94E8 /* FirebaseInAppMessaging-Beta */ = {
			isa = XCSwiftPackageProductDependency;
			package = EF3EE8472CDA884E003D94E8 /* XCRemoteSwiftPackageReference "firebase-ios-sdk" */;
			productName = "FirebaseInAppMessaging-Beta";
		};
		EF3EE8682CDA884E003D94E8 /* FirebaseInstallations */ = {
			isa = XCSwiftPackageProductDependency;
			package = EF3EE8472CDA884E003D94E8 /* XCRemoteSwiftPackageReference "firebase-ios-sdk" */;
			productName = FirebaseInstallations;
		};
		EF3EE86A2CDA884E003D94E8 /* FirebaseMLModelDownloader */ = {
			isa = XCSwiftPackageProductDependency;
			package = EF3EE8472CDA884E003D94E8 /* XCRemoteSwiftPackageReference "firebase-ios-sdk" */;
			productName = FirebaseMLModelDownloader;
		};
		EF3EE86C2CDA884E003D94E8 /* FirebaseMessaging */ = {
			isa = XCSwiftPackageProductDependency;
			package = EF3EE8472CDA884E003D94E8 /* XCRemoteSwiftPackageReference "firebase-ios-sdk" */;
			productName = FirebaseMessaging;
		};
		EF3EE86E2CDA884E003D94E8 /* FirebasePerformance */ = {
			isa = XCSwiftPackageProductDependency;
			package = EF3EE8472CDA884E003D94E8 /* XCRemoteSwiftPackageReference "firebase-ios-sdk" */;
			productName = FirebasePerformance;
		};
		EF3EE8702CDA884E003D94E8 /* FirebaseRemoteConfig */ = {
			isa = XCSwiftPackageProductDependency;
			package = EF3EE8472CDA884E003D94E8 /* XCRemoteSwiftPackageReference "firebase-ios-sdk" */;
			productName = FirebaseRemoteConfig;
		};
		EF3EE8722CDA884E003D94E8 /* FirebaseStorage */ = {
			isa = XCSwiftPackageProductDependency;
			package = EF3EE8472CDA884E003D94E8 /* XCRemoteSwiftPackageReference "firebase-ios-sdk" */;
			productName = FirebaseStorage;
		};
		EF3EE8742CDA884E003D94E8 /* FirebaseStorageCombine-Community */ = {
			isa = XCSwiftPackageProductDependency;
			package = EF3EE8472CDA884E003D94E8 /* XCRemoteSwiftPackageReference "firebase-ios-sdk" */;
			productName = "FirebaseStorageCombine-Community";
		};
		EF3EE8762CDA884E003D94E8 /* FirebaseVertexAI */ = {
			isa = XCSwiftPackageProductDependency;
			package = EF3EE8472CDA884E003D94E8 /* XCRemoteSwiftPackageReference "firebase-ios-sdk" */;
			productName = FirebaseVertexAI;
		};
		EF41B5752CE0C53D0077BF8D /* SDWebImage */ = {
			isa = XCSwiftPackageProductDependency;
			package = EF41B5742CE0C53D0077BF8D /* XCRemoteSwiftPackageReference "SDWebImage" */;
			productName = SDWebImage;
		};
		EF41B5772CE0C53D0077BF8D /* SDWebImageMapKit */ = {
			isa = XCSwiftPackageProductDependency;
			package = EF41B5742CE0C53D0077BF8D /* XCRemoteSwiftPackageReference "SDWebImage" */;
			productName = SDWebImageMapKit;
		};
		EF41B57A2CE0C5D40077BF8D /* Cloudinary */ = {
			isa = XCSwiftPackageProductDependency;
			package = EF41B5792CE0C5D40077BF8D /* XCRemoteSwiftPackageReference "cloudinary_ios" */;
			productName = Cloudinary;
		};
		EF97383F2CDE55E5004D501D /* JGProgressHUD */ = {
			isa = XCSwiftPackageProductDependency;
			package = EF97383E2CDE55E5004D501D /* XCRemoteSwiftPackageReference "JGProgressHUD" */;
			productName = JGProgressHUD;
		};
		EFC8AC4C2CDE3D260088E20D /* MessageKit */ = {
			isa = XCSwiftPackageProductDependency;
			package = EFC8AC4B2CDE3D260088E20D /* XCRemoteSwiftPackageReference "MessageKit" */;
			productName = MessageKit;
		};
		EFF2CEA02CD90A4700E347B2 /* IQKeyboardManagerSwift */ = {
			isa = XCSwiftPackageProductDependency;
			package = EFF2CE9F2CD90A4700E347B2 /* XCRemoteSwiftPackageReference "IQKeyboardManager" */;
			productName = IQKeyboardManagerSwift;
		};
/* End XCSwiftPackageProductDependency section */
	};
	rootObject = EFF2CE7F2CD909CE00E347B2 /* Project object */;
}
